{
  "name": "demo-app",
  "version": "0.0.1",
  "lockfileVersion": 2,
  "requires": true,
  "packages": {
    "": {
      "name": "demo-app",
      "version": "0.0.1",
      "license": "ISC",
      "dependencies": {
        "@hapi/hapi": "^21.3.2"
      }
    },
    "node_modules/@hapi/accept": {
      "version": "6.0.1",
      "resolved": "https://msazure.pkgs.visualstudio.com/_packaging/AzurePortal/npm/registry/@hapi/accept/-/accept-6.0.1.tgz",
      "integrity": "sha1-NjeDB6Z/44pib7+vfxMM22VNA4U=",
      "license": "BSD-3-Clause",
      "dependencies": {
        "@hapi/boom": "^10.0.1",
        "@hapi/hoek": "^11.0.2"
      }
    },
    "node_modules/@hapi/ammo": {
      "version": "6.0.1",
      "resolved": "https://msazure.pkgs.visualstudio.com/_packaging/AzurePortal/npm/registry/@hapi/ammo/-/ammo-6.0.1.tgz",
      "integrity": "sha1-G8n3ECck/yiMoDtyGFT8U5OtEjo=",
      "license": "BSD-3-Clause",
      "dependencies": {
        "@hapi/hoek": "^11.0.2"
      }
    },
    "node_modules/@hapi/b64": {
      "version": "6.0.1",
      "resolved": "https://msazure.pkgs.visualstudio.com/_packaging/AzurePortal/npm/registry/@hapi/b64/-/b64-6.0.1.tgz",
      "integrity": "sha1-eGtH3AcOFEZa9J4kKMECW9Bu098=",
      "license": "BSD-3-Clause",
      "dependencies": {
        "@hapi/hoek": "^11.0.2"
      }
    },
    "node_modules/@hapi/boom": {
      "version": "10.0.1",
      "resolved": "https://msazure.pkgs.visualstudio.com/_packaging/AzurePortal/npm/registry/@hapi/boom/-/boom-10.0.1.tgz",
      "integrity": "sha1-67FGiCda4VCqaveI2+SC5qYGJoU=",
      "license": "BSD-3-Clause",
      "dependencies": {
        "@hapi/hoek": "^11.0.2"
      }
    },
    "node_modules/@hapi/bounce": {
      "version": "3.0.1",
      "resolved": "https://msazure.pkgs.visualstudio.com/_packaging/AzurePortal/npm/registry/@hapi/bounce/-/bounce-3.0.1.tgz",
      "integrity": "sha1-JaUb+VczdJxVfGv5SASL/6ZkNeQ=",
      "license": "BSD-3-Clause",
      "dependencies": {
        "@hapi/boom": "^10.0.1",
        "@hapi/hoek": "^11.0.2"
      }
    },
    "node_modules/@hapi/bourne": {
      "version": "3.0.0",
      "resolved": "https://msazure.pkgs.visualstudio.com/_packaging/AzurePortal/npm/registry/@hapi/bourne/-/bourne-3.0.0.tgz",
      "integrity": "sha1-8R/ffdpi/o4zb6fGZC2QQfMDVtc=",
      "license": "BSD-3-Clause"
    },
    "node_modules/@hapi/call": {
      "version": "9.0.1",
      "resolved": "https://msazure.pkgs.visualstudio.com/_packaging/AzurePortal/npm/registry/@hapi/call/-/call-9.0.1.tgz",
      "integrity": "sha1-VpuH1bZ6vw5Y+4KjiUphqu08qS4=",
      "license": "BSD-3-Clause",
      "dependencies": {
        "@hapi/boom": "^10.0.1",
        "@hapi/hoek": "^11.0.2"
      }
    },
    "node_modules/@hapi/catbox": {
      "version": "12.1.1",
      "resolved": "https://msazure.pkgs.visualstudio.com/_packaging/AzurePortal/npm/registry/@hapi/catbox/-/catbox-12.1.1.tgz",
      "integrity": "sha1-kzncoKWxizygqCWsXfyRbbxbq4M=",
      "license": "BSD-3-Clause",
      "dependencies": {
        "@hapi/boom": "^10.0.1",
        "@hapi/hoek": "^11.0.2",
        "@hapi/podium": "^5.0.0",
        "@hapi/validate": "^2.0.1"
      }
    },
    "node_modules/@hapi/catbox-memory": {
      "version": "6.0.1",
      "resolved": "https://msazure.pkgs.visualstudio.com/_packaging/AzurePortal/npm/registry/@hapi/catbox-memory/-/catbox-memory-6.0.1.tgz",
      "integrity": "sha1-j2sEwM8s4l2kcDJN82C9To1otuw=",
      "license": "BSD-3-Clause",
      "dependencies": {
        "@hapi/boom": "^10.0.1",
        "@hapi/hoek": "^11.0.2"
      }
    },
    "node_modules/@hapi/content": {
      "version": "6.0.0",
      "resolved": "https://msazure.pkgs.visualstudio.com/_packaging/AzurePortal/npm/registry/@hapi/content/-/content-6.0.0.tgz",
      "integrity": "sha1-JCevO6yKL3Q1Evzipwy9w2WvKd8=",
      "license": "BSD-3-Clause",
      "dependencies": {
        "@hapi/boom": "^10.0.0"
      }
    },
    "node_modules/@hapi/cryptiles": {
      "version": "6.0.1",
      "resolved": "https://msazure.pkgs.visualstudio.com/_packaging/AzurePortal/npm/registry/@hapi/cryptiles/-/cryptiles-6.0.1.tgz",
      "integrity": "sha1-eGip1CM1Z+1m8KnK+F/cxW6YBiE=",
      "license": "BSD-3-Clause",
      "dependencies": {
        "@hapi/boom": "^10.0.1"
      },
      "engines": {
        "node": ">=14.0.0"
      }
    },
    "node_modules/@hapi/file": {
      "version": "3.0.0",
      "resolved": "https://msazure.pkgs.visualstudio.com/_packaging/AzurePortal/npm/registry/@hapi/file/-/file-3.0.0.tgz",
      "integrity": "sha1-8f2CRJOsiab86vicgkr8WuISHAk=",
      "license": "BSD-3-Clause"
    },
    "node_modules/@hapi/hapi": {
      "version": "21.3.2",
      "resolved": "https://msazure.pkgs.visualstudio.com/_packaging/AzurePortal/npm/registry/@hapi/hapi/-/hapi-21.3.2.tgz",
      "integrity": "sha1-+flMHCjMrRREyDjQQHD6HNBAmzM=",
      "license": "BSD-3-Clause",
      "dependencies": {
        "@hapi/accept": "^6.0.1",
        "@hapi/ammo": "^6.0.1",
        "@hapi/boom": "^10.0.1",
        "@hapi/bounce": "^3.0.1",
        "@hapi/call": "^9.0.1",
        "@hapi/catbox": "^12.1.1",
        "@hapi/catbox-memory": "^6.0.1",
        "@hapi/heavy": "^8.0.1",
        "@hapi/hoek": "^11.0.2",
        "@hapi/mimos": "^7.0.1",
        "@hapi/podium": "^5.0.1",
        "@hapi/shot": "^6.0.1",
        "@hapi/somever": "^4.1.1",
        "@hapi/statehood": "^8.1.1",
        "@hapi/subtext": "^8.1.0",
        "@hapi/teamwork": "^6.0.0",
        "@hapi/topo": "^6.0.1",
        "@hapi/validate": "^2.0.1"
      },
      "engines": {
        "node": ">=14.15.0"
      }
    },
    "node_modules/@hapi/heavy": {
      "version": "8.0.1",
      "resolved": "https://msazure.pkgs.visualstudio.com/_packaging/AzurePortal/npm/registry/@hapi/heavy/-/heavy-8.0.1.tgz",
      "integrity": "sha1-4r5KaiSQBbWlh/dgSq+o7QJGH7Y=",
      "license": "BSD-3-Clause",
      "dependencies": {
        "@hapi/boom": "^10.0.1",
        "@hapi/hoek": "^11.0.2",
        "@hapi/validate": "^2.0.1"
      }
    },
    "node_modules/@hapi/hoek": {
      "version": "11.0.2",
      "resolved": "https://msazure.pkgs.visualstudio.com/_packaging/AzurePortal/npm/registry/@hapi/hoek/-/hoek-11.0.2.tgz",
      "integrity": "sha1-yz6lR9qsfeXJzx2WDD81w08GVCc=",
      "license": "BSD-3-Clause"
    },
    "node_modules/@hapi/iron": {
      "version": "7.0.1",
      "resolved": "https://msazure.pkgs.visualstudio.com/_packaging/AzurePortal/npm/registry/@hapi/iron/-/iron-7.0.1.tgz",
      "integrity": "sha1-90us6NrZNAx8ASwnwHhQTwcPFLU=",
      "license": "BSD-3-Clause",
      "dependencies": {
        "@hapi/b64": "^6.0.1",
        "@hapi/boom": "^10.0.1",
        "@hapi/bourne": "^3.0.0",
        "@hapi/cryptiles": "^6.0.1",
        "@hapi/hoek": "^11.0.2"
      }
    },
    "node_modules/@hapi/mimos": {
      "version": "7.0.1",
      "resolved": "https://msazure.pkgs.visualstudio.com/_packaging/AzurePortal/npm/registry/@hapi/mimos/-/mimos-7.0.1.tgz",
      "integrity": "sha1-W2XHa7naKLo0sAkiFYkfLHK8iZ0=",
      "license": "BSD-3-Clause",
      "dependencies": {
        "@hapi/hoek": "^11.0.2",
        "mime-db": "^1.52.0"
      }
    },
    "node_modules/@hapi/nigel": {
      "version": "5.0.1",
      "resolved": "https://msazure.pkgs.visualstudio.com/_packaging/AzurePortal/npm/registry/@hapi/nigel/-/nigel-5.0.1.tgz",
      "integrity": "sha1-pt/jV+nUjZROL/xVK9lctwHXnuk=",
      "license": "BSD-3-Clause",
      "dependencies": {
        "@hapi/hoek": "^11.0.2",
        "@hapi/vise": "^5.0.1"
      },
      "engines": {
        "node": ">=14.0.0"
      }
    },
    "node_modules/@hapi/pez": {
      "version": "6.1.0",
      "resolved": "https://msazure.pkgs.visualstudio.com/_packaging/AzurePortal/npm/registry/@hapi/pez/-/pez-6.1.0.tgz",
      "integrity": "sha1-ZNn5VYD8fY8dE0N+5KhnZwmVT9o=",
      "license": "BSD-3-Clause",
      "dependencies": {
        "@hapi/b64": "^6.0.1",
        "@hapi/boom": "^10.0.1",
        "@hapi/content": "^6.0.0",
        "@hapi/hoek": "^11.0.2",
        "@hapi/nigel": "^5.0.1"
      }
    },
    "node_modules/@hapi/podium": {
      "version": "5.0.1",
      "resolved": "https://msazure.pkgs.visualstudio.com/_packaging/AzurePortal/npm/registry/@hapi/podium/-/podium-5.0.1.tgz",
      "integrity": "sha1-8pK0wMoxGHRzlKECxsM0C9qWZi8=",
      "license": "BSD-3-Clause",
      "dependencies": {
        "@hapi/hoek": "^11.0.2",
        "@hapi/teamwork": "^6.0.0",
        "@hapi/validate": "^2.0.1"
      }
    },
    "node_modules/@hapi/shot": {
      "version": "6.0.1",
      "resolved": "https://msazure.pkgs.visualstudio.com/_packaging/AzurePortal/npm/registry/@hapi/shot/-/shot-6.0.1.tgz",
      "integrity": "sha1-6oTRgQt8hZnVUXwjtOxVpSnX3BY=",
      "license": "BSD-3-Clause",
      "dependencies": {
        "@hapi/hoek": "^11.0.2",
        "@hapi/validate": "^2.0.1"
      }
    },
    "node_modules/@hapi/somever": {
      "version": "4.1.1",
      "resolved": "https://msazure.pkgs.visualstudio.com/_packaging/AzurePortal/npm/registry/@hapi/somever/-/somever-4.1.1.tgz",
      "integrity": "sha1-tJLHhAgwPHLNGjnFBg810YpASyc=",
      "license": "BSD-3-Clause",
      "dependencies": {
        "@hapi/bounce": "^3.0.1",
        "@hapi/hoek": "^11.0.2"
      }
    },
    "node_modules/@hapi/statehood": {
      "version": "8.1.1",
      "resolved": "https://msazure.pkgs.visualstudio.com/_packaging/AzurePortal/npm/registry/@hapi/statehood/-/statehood-8.1.1.tgz",
      "integrity": "sha1-20vRTJCBChOJdjywsLjyIapBecE=",
      "license": "BSD-3-Clause",
      "dependencies": {
        "@hapi/boom": "^10.0.1",
        "@hapi/bounce": "^3.0.1",
        "@hapi/bourne": "^3.0.0",
        "@hapi/cryptiles": "^6.0.1",
        "@hapi/hoek": "^11.0.2",
        "@hapi/iron": "^7.0.1",
        "@hapi/validate": "^2.0.1"
      }
    },
    "node_modules/@hapi/subtext": {
      "version": "8.1.0",
      "resolved": "https://msazure.pkgs.visualstudio.com/_packaging/AzurePortal/npm/registry/@hapi/subtext/-/subtext-8.1.0.tgz",
      "integrity": "sha1-WHMwIKZlW8TZeN+eL3XjFpb/P5E=",
      "license": "BSD-3-Clause",
      "dependencies": {
        "@hapi/boom": "^10.0.1",
        "@hapi/bourne": "^3.0.0",
        "@hapi/content": "^6.0.0",
        "@hapi/file": "^3.0.0",
        "@hapi/hoek": "^11.0.2",
        "@hapi/pez": "^6.1.0",
        "@hapi/wreck": "^18.0.1"
      }
    },
    "node_modules/@hapi/teamwork": {
      "version": "6.0.0",
      "resolved": "https://msazure.pkgs.visualstudio.com/_packaging/AzurePortal/npm/registry/@hapi/teamwork/-/teamwork-6.0.0.tgz",
      "integrity": "sha1-s6Fzz4EbpZ/G7iIxihtR9FYfBuA=",
      "license": "BSD-3-Clause",
      "engines": {
        "node": ">=14.0.0"
      }
    },
    "node_modules/@hapi/topo": {
      "version": "6.0.2",
      "resolved": "https://msazure.pkgs.visualstudio.com/_packaging/AzurePortal/npm/registry/@hapi/topo/-/topo-6.0.2.tgz",
      "integrity": "sha1-8hnBxg2oQwIor0wfLkDDKg2Eu7Q=",
      "license": "BSD-3-Clause",
      "dependencies": {
        "@hapi/hoek": "^11.0.2"
      }
    },
    "node_modules/@hapi/validate": {
      "version": "2.0.1",
      "resolved": "https://msazure.pkgs.visualstudio.com/_packaging/AzurePortal/npm/registry/@hapi/validate/-/validate-2.0.1.tgz",
      "integrity": "sha1-Rc8ijEyM/GG6LafgpbqT/zua//E=",
      "license": "BSD-3-Clause",
      "dependencies": {
        "@hapi/hoek": "^11.0.2",
        "@hapi/topo": "^6.0.1"
      }
    },
    "node_modules/@hapi/vise": {
      "version": "5.0.1",
      "resolved": "https://msazure.pkgs.visualstudio.com/_packaging/AzurePortal/npm/registry/@hapi/vise/-/vise-5.0.1.tgz",
      "integrity": "sha1-XJ8WvPHAOd3UtsrV8y1x7ra7faw=",
      "license": "BSD-3-Clause",
      "dependencies": {
        "@hapi/hoek": "^11.0.2"
      }
    },
    "node_modules/@hapi/wreck": {
      "version": "18.0.1",
      "resolved": "https://msazure.pkgs.visualstudio.com/_packaging/AzurePortal/npm/registry/@hapi/wreck/-/wreck-18.0.1.tgz",
      "integrity": "sha1-bfBFMr4l/RKMUkTnLMwhQ4z4u2U=",
      "license": "BSD-3-Clause",
      "dependencies": {
        "@hapi/boom": "^10.0.1",
        "@hapi/bourne": "^3.0.0",
        "@hapi/hoek": "^11.0.2"
      }
    },
    "node_modules/mime-db": {
      "version": "1.52.0",
      "resolved": "https://msazure.pkgs.visualstudio.com/_packaging/AzurePortal/npm/registry/mime-db/-/mime-db-1.52.0.tgz",
      "integrity": "sha1-u6vNwChZ9JhzAchW4zh85exDv3A=",
      "license": "MIT",
      "engines": {
        "node": ">= 0.6"
      }
    }
  },
  "dependencies": {
    "@hapi/accept": {
      "version": "6.0.1",
      "resolved": "https://msazure.pkgs.visualstudio.com/_packaging/AzurePortal/npm/registry/@hapi/accept/-/accept-6.0.1.tgz",
      "integrity": "sha1-NjeDB6Z/44pib7+vfxMM22VNA4U=",
      "requires": {
        "@hapi/boom": "^10.0.1",
        "@hapi/hoek": "^11.0.2"
      }
    },
    "@hapi/ammo": {
      "version": "6.0.1",
      "resolved": "https://msazure.pkgs.visualstudio.com/_packaging/AzurePortal/npm/registry/@hapi/ammo/-/ammo-6.0.1.tgz",
      "integrity": "sha1-G8n3ECck/yiMoDtyGFT8U5OtEjo=",
      "requires": {
        "@hapi/hoek": "^11.0.2"
      }
    },
    "@hapi/b64": {
      "version": "6.0.1",
      "resolved": "https://msazure.pkgs.visualstudio.com/_packaging/AzurePortal/npm/registry/@hapi/b64/-/b64-6.0.1.tgz",
      "integrity": "sha1-eGtH3AcOFEZa9J4kKMECW9Bu098=",
      "requires": {
        "@hapi/hoek": "^11.0.2"
      }
    },
    "@hapi/boom": {
      "version": "10.0.1",
      "resolved": "https://msazure.pkgs.visualstudio.com/_packaging/AzurePortal/npm/registry/@hapi/boom/-/boom-10.0.1.tgz",
      "integrity": "sha1-67FGiCda4VCqaveI2+SC5qYGJoU=",
      "requires": {
        "@hapi/hoek": "^11.0.2"
      }
    },
    "@hapi/bounce": {
      "version": "3.0.1",
      "resolved": "https://msazure.pkgs.visualstudio.com/_packaging/AzurePortal/npm/registry/@hapi/bounce/-/bounce-3.0.1.tgz",
      "integrity": "sha1-JaUb+VczdJxVfGv5SASL/6ZkNeQ=",
      "requires": {
        "@hapi/boom": "^10.0.1",
        "@hapi/hoek": "^11.0.2"
      }
    },
    "@hapi/bourne": {
      "version": "3.0.0",
      "resolved": "https://msazure.pkgs.visualstudio.com/_packaging/AzurePortal/npm/registry/@hapi/bourne/-/bourne-3.0.0.tgz",
      "integrity": "sha1-8R/ffdpi/o4zb6fGZC2QQfMDVtc="
    },
    "@hapi/call": {
      "version": "9.0.1",
      "resolved": "https://msazure.pkgs.visualstudio.com/_packaging/AzurePortal/npm/registry/@hapi/call/-/call-9.0.1.tgz",
      "integrity": "sha1-VpuH1bZ6vw5Y+4KjiUphqu08qS4=",
      "requires": {
        "@hapi/boom": "^10.0.1",
        "@hapi/hoek": "^11.0.2"
      }
    },
    "@hapi/catbox": {
      "version": "12.1.1",
      "resolved": "https://msazure.pkgs.visualstudio.com/_packaging/AzurePortal/npm/registry/@hapi/catbox/-/catbox-12.1.1.tgz",
      "integrity": "sha1-kzncoKWxizygqCWsXfyRbbxbq4M=",
      "requires": {
        "@hapi/boom": "^10.0.1",
        "@hapi/hoek": "^11.0.2",
        "@hapi/podium": "^5.0.0",
        "@hapi/validate": "^2.0.1"
      }
    },
    "@hapi/catbox-memory": {
      "version": "6.0.1",
      "resolved": "https://msazure.pkgs.visualstudio.com/_packaging/AzurePortal/npm/registry/@hapi/catbox-memory/-/catbox-memory-6.0.1.tgz",
      "integrity": "sha1-j2sEwM8s4l2kcDJN82C9To1otuw=",
      "requires": {
        "@hapi/boom": "^10.0.1",
        "@hapi/hoek": "^11.0.2"
      }
    },
    "@hapi/content": {
      "version": "6.0.0",
      "resolved": "https://msazure.pkgs.visualstudio.com/_packaging/AzurePortal/npm/registry/@hapi/content/-/content-6.0.0.tgz",
      "integrity": "sha1-JCevO6yKL3Q1Evzipwy9w2WvKd8=",
      "requires": {
        "@hapi/boom": "^10.0.0"
      }
    },
    "@hapi/cryptiles": {
      "version": "6.0.1",
      "resolved": "https://msazure.pkgs.visualstudio.com/_packaging/AzurePortal/npm/registry/@hapi/cryptiles/-/cryptiles-6.0.1.tgz",
      "integrity": "sha1-eGip1CM1Z+1m8KnK+F/cxW6YBiE=",
      "requires": {
        "@hapi/boom": "^10.0.1"
      }
    },
    "@hapi/file": {
      "version": "3.0.0",
      "resolved": "https://msazure.pkgs.visualstudio.com/_packaging/AzurePortal/npm/registry/@hapi/file/-/file-3.0.0.tgz",
      "integrity": "sha1-8f2CRJOsiab86vicgkr8WuISHAk="
    },
    "@hapi/hapi": {
      "version": "21.3.2",
      "resolved": "https://msazure.pkgs.visualstudio.com/_packaging/AzurePortal/npm/registry/@hapi/hapi/-/hapi-21.3.2.tgz",
      "integrity": "sha1-+flMHCjMrRREyDjQQHD6HNBAmzM=",
      "requires": {
        "@hapi/accept": "^6.0.1",
        "@hapi/ammo": "^6.0.1",
        "@hapi/boom": "^10.0.1",
        "@hapi/bounce": "^3.0.1",
        "@hapi/call": "^9.0.1",
        "@hapi/catbox": "^12.1.1",
        "@hapi/catbox-memory": "^6.0.1",
        "@hapi/heavy": "^8.0.1",
        "@hapi/hoek": "^11.0.2",
        "@hapi/mimos": "^7.0.1",
        "@hapi/podium": "^5.0.1",
        "@hapi/shot": "^6.0.1",
        "@hapi/somever": "^4.1.1",
        "@hapi/statehood": "^8.1.1",
        "@hapi/subtext": "^8.1.0",
        "@hapi/teamwork": "^6.0.0",
        "@hapi/topo": "^6.0.1",
        "@hapi/validate": "^2.0.1"
      }
    },
    "@hapi/heavy": {
      "version": "8.0.1",
      "resolved": "https://msazure.pkgs.visualstudio.com/_packaging/AzurePortal/npm/registry/@hapi/heavy/-/heavy-8.0.1.tgz",
      "integrity": "sha1-4r5KaiSQBbWlh/dgSq+o7QJGH7Y=",
      "requires": {
        "@hapi/boom": "^10.0.1",
        "@hapi/hoek": "^11.0.2",
        "@hapi/validate": "^2.0.1"
      }
    },
    "@hapi/hoek": {
      "version": "11.0.2",
      "resolved": "https://msazure.pkgs.visualstudio.com/_packaging/AzurePortal/npm/registry/@hapi/hoek/-/hoek-11.0.2.tgz",
      "integrity": "sha1-yz6lR9qsfeXJzx2WDD81w08GVCc="
    },
    "@hapi/iron": {
      "version": "7.0.1",
      "resolved": "https://msazure.pkgs.visualstudio.com/_packaging/AzurePortal/npm/registry/@hapi/iron/-/iron-7.0.1.tgz",
      "integrity": "sha1-90us6NrZNAx8ASwnwHhQTwcPFLU=",
      "requires": {
        "@hapi/b64": "^6.0.1",
        "@hapi/boom": "^10.0.1",
        "@hapi/bourne": "^3.0.0",
        "@hapi/cryptiles": "^6.0.1",
        "@hapi/hoek": "^11.0.2"
      }
    },
    "@hapi/mimos": {
      "version": "7.0.1",
      "resolved": "https://msazure.pkgs.visualstudio.com/_packaging/AzurePortal/npm/registry/@hapi/mimos/-/mimos-7.0.1.tgz",
      "integrity": "sha1-W2XHa7naKLo0sAkiFYkfLHK8iZ0=",
      "requires": {
        "@hapi/hoek": "^11.0.2",
        "mime-db": "^1.52.0"
      }
    },
    "@hapi/nigel": {
      "version": "5.0.1",
      "resolved": "https://msazure.pkgs.visualstudio.com/_packaging/AzurePortal/npm/registry/@hapi/nigel/-/nigel-5.0.1.tgz",
      "integrity": "sha1-pt/jV+nUjZROL/xVK9lctwHXnuk=",
      "requires": {
        "@hapi/hoek": "^11.0.2",
        "@hapi/vise": "^5.0.1"
      }
    },
    "@hapi/pez": {
      "version": "6.1.0",
      "resolved": "https://msazure.pkgs.visualstudio.com/_packaging/AzurePortal/npm/registry/@hapi/pez/-/pez-6.1.0.tgz",
      "integrity": "sha1-ZNn5VYD8fY8dE0N+5KhnZwmVT9o=",
      "requires": {
        "@hapi/b64": "^6.0.1",
        "@hapi/boom": "^10.0.1",
        "@hapi/content": "^6.0.0",
        "@hapi/hoek": "^11.0.2",
        "@hapi/nigel": "^5.0.1"
      }
    },
    "@hapi/podium": {
      "version": "5.0.1",
      "resolved": "https://msazure.pkgs.visualstudio.com/_packaging/AzurePortal/npm/registry/@hapi/podium/-/podium-5.0.1.tgz",
      "integrity": "sha1-8pK0wMoxGHRzlKECxsM0C9qWZi8=",
      "requires": {
        "@hapi/hoek": "^11.0.2",
        "@hapi/teamwork": "^6.0.0",
        "@hapi/validate": "^2.0.1"
      }
    },
    "@hapi/shot": {
      "version": "6.0.1",
      "resolved": "https://msazure.pkgs.visualstudio.com/_packaging/AzurePortal/npm/registry/@hapi/shot/-/shot-6.0.1.tgz",
      "integrity": "sha1-6oTRgQt8hZnVUXwjtOxVpSnX3BY=",
      "requires": {
        "@hapi/hoek": "^11.0.2",
        "@hapi/validate": "^2.0.1"
      }
    },
    "@hapi/somever": {
      "version": "4.1.1",
      "resolved": "https://msazure.pkgs.visualstudio.com/_packaging/AzurePortal/npm/registry/@hapi/somever/-/somever-4.1.1.tgz",
      "integrity": "sha1-tJLHhAgwPHLNGjnFBg810YpASyc=",
      "requires": {
        "@hapi/bounce": "^3.0.1",
        "@hapi/hoek": "^11.0.2"
      }
    },
    "@hapi/statehood": {
      "version": "8.1.1",
      "resolved": "https://msazure.pkgs.visualstudio.com/_packaging/AzurePortal/npm/registry/@hapi/statehood/-/statehood-8.1.1.tgz",
      "integrity": "sha1-20vRTJCBChOJdjywsLjyIapBecE=",
      "requires": {
        "@hapi/boom": "^10.0.1",
        "@hapi/bounce": "^3.0.1",
        "@hapi/bourne": "^3.0.0",
        "@hapi/cryptiles": "^6.0.1",
        "@hapi/hoek": "^11.0.2",
        "@hapi/iron": "^7.0.1",
        "@hapi/validate": "^2.0.1"
      }
    },
    "@hapi/subtext": {
      "version": "8.1.0",
      "resolved": "https://msazure.pkgs.visualstudio.com/_packaging/AzurePortal/npm/registry/@hapi/subtext/-/subtext-8.1.0.tgz",
      "integrity": "sha1-WHMwIKZlW8TZeN+eL3XjFpb/P5E=",
      "requires": {
        "@hapi/boom": "^10.0.1",
        "@hapi/bourne": "^3.0.0",
        "@hapi/content": "^6.0.0",
        "@hapi/file": "^3.0.0",
        "@hapi/hoek": "^11.0.2",
        "@hapi/pez": "^6.1.0",
        "@hapi/wreck": "^18.0.1"
      }
    },
    "@hapi/teamwork": {
      "version": "6.0.0",
      "resolved": "https://msazure.pkgs.visualstudio.com/_packaging/AzurePortal/npm/registry/@hapi/teamwork/-/teamwork-6.0.0.tgz",
      "integrity": "sha1-s6Fzz4EbpZ/G7iIxihtR9FYfBuA="
    },
    "@hapi/topo": {
      "version": "6.0.2",
      "resolved": "https://msazure.pkgs.visualstudio.com/_packaging/AzurePortal/npm/registry/@hapi/topo/-/topo-6.0.2.tgz",
      "integrity": "sha1-8hnBxg2oQwIor0wfLkDDKg2Eu7Q=",
      "requires": {
        "@hapi/hoek": "^11.0.2"
      }
    },
    "@hapi/validate": {
      "version": "2.0.1",
      "resolved": "https://msazure.pkgs.visualstudio.com/_packaging/AzurePortal/npm/registry/@hapi/validate/-/validate-2.0.1.tgz",
      "integrity": "sha1-Rc8ijEyM/GG6LafgpbqT/zua//E=",
      "requires": {
        "@hapi/hoek": "^11.0.2",
        "@hapi/topo": "^6.0.1"
      }
    },
    "@hapi/vise": {
      "version": "5.0.1",
      "resolved": "https://msazure.pkgs.visualstudio.com/_packaging/AzurePortal/npm/registry/@hapi/vise/-/vise-5.0.1.tgz",
      "integrity": "sha1-XJ8WvPHAOd3UtsrV8y1x7ra7faw=",
      "requires": {
        "@hapi/hoek": "^11.0.2"
      }
    },
    "@hapi/wreck": {
      "version": "18.0.1",
      "resolved": "https://msazure.pkgs.visualstudio.com/_packaging/AzurePortal/npm/registry/@hapi/wreck/-/wreck-18.0.1.tgz",
      "integrity": "sha1-bfBFMr4l/RKMUkTnLMwhQ4z4u2U=",
      "requires": {
        "@hapi/boom": "^10.0.1",
        "@hapi/bourne": "^3.0.0",
        "@hapi/hoek": "^11.0.2"
      }
    },
    "mime-db": {
      "version": "1.52.0",
      "resolved": "https://msazure.pkgs.visualstudio.com/_packaging/AzurePortal/npm/registry/mime-db/-/mime-db-1.52.0.tgz",
      "integrity": "sha1-u6vNwChZ9JhzAchW4zh85exDv3A="
    }
  }
}
